
Microsoft Visual Studio Solution File, Format Version 12.00
# Visual Studio Version 16
VisualStudioVersion = 16.0.31112.23
MinimumVisualStudioVersion = 10.0.40219.1
Project("{888888A0-9F3D-457C-B088-3A5042F75D52}") = "Iseseisevtöö", "Iseseisevtöö.pyproj", "{D526A21E-9C10-448A-9293-0FAFD4DF82D7}"
EndProject
Global
	GlobalSection(SolutionConfigurationPlatforms) = preSolution
		Debug|Any CPU = Debug|Any CPU
		Release|Any CPU = Release|Any CPU
	EndGlobalSection
	GlobalSection(ProjectConfigurationPlatforms) = postSolution
		{D526A21E-9C10-448A-9293-0FAFD4DF82D7}.Debug|Any CPU.ActiveCfg = Debug|Any CPU
		{D526A21E-9C10-448A-9293-0FAFD4DF82D7}.Release|Any CPU.ActiveCfg = Release|Any CPU
	EndGlobalSection
	GlobalSection(SolutionProperties) = preSolution
		HideSolutionNode = FALSE
	EndGlobalSection
	GlobalSection(ExtensibilityGlobals) = postSolution
		SolutionGuid = {5BA6D4DF-62FE-477A-8906-DF24C999CE6F}
	EndGlobalSection
EndGlobal
